
Microsoft Visual Studio Solution File, Format Version 12.00
# Visual Studio Version 17
VisualStudioVersion = 17.2.32516.85
MinimumVisualStudioVersion = 10.0.40219.1
Project("{FAE04EC0-301F-11D3-BF4B-00C04F79EFBC}") = "PokemonJSONExample", "PokemonJSONExample.csproj", "{DE21E762-2447-4A31-AC90-B614835596E8}"
EndProject
Global
	GlobalSection(SolutionConfigurationPlatforms) = preSolution
		Debug|Any CPU = Debug|Any CPU
		Release|Any CPU = Release|Any CPU
	EndGlobalSection
	GlobalSection(ProjectConfigurationPlatforms) = postSolution
		{DE21E762-2447-4A31-AC90-B614835596E8}.Debug|Any CPU.ActiveCfg = Debug|Any CPU
		{DE21E762-2447-4A31-AC90-B614835596E8}.Debug|Any CPU.Build.0 = Debug|Any CPU
		{DE21E762-2447-4A31-AC90-B614835596E8}.Release|Any CPU.ActiveCfg = Release|Any CPU
		{DE21E762-2447-4A31-AC90-B614835596E8}.Release|Any CPU.Build.0 = Release|Any CPU
	EndGlobalSection
	GlobalSection(SolutionProperties) = preSolution
		HideSolutionNode = FALSE
	EndGlobalSection
	GlobalSection(ExtensibilityGlobals) = postSolution
		SolutionGuid = {C6161E20-68EB-4410-B9D3-2BCA3E3F2D24}
	EndGlobalSection
EndGlobal
